// !$*UTF8*$!
{
	archiveVersion = 1;
	classes = {
	};
	objectVersion = 56;
	objects = {

/* Begin PBXBuildFile section */
		49B836132A652147008732C1 /* AppDelegate.swift in Sources */ = {isa = PBXBuildFile; fileRef = 49B836122A652147008732C1 /* AppDelegate.swift */; };
		49B836152A652147008732C1 /* SceneDelegate.swift in Sources */ = {isa = PBXBuildFile; fileRef = 49B836142A652147008732C1 /* SceneDelegate.swift */; };
		49B836172A652147008732C1 /* ViewController.swift in Sources */ = {isa = PBXBuildFile; fileRef = 49B836162A652147008732C1 /* ViewController.swift */; };
		49B8361A2A652147008732C1 /* Main.storyboard in Resources */ = {isa = PBXBuildFile; fileRef = 49B836182A652147008732C1 /* Main.storyboard */; };
		49B8361C2A65214A008732C1 /* Assets.xcassets in Resources */ = {isa = PBXBuildFile; fileRef = 49B8361B2A65214A008732C1 /* Assets.xcassets */; };
		49B8361F2A65214A008732C1 /* LaunchScreen.storyboard in Resources */ = {isa = PBXBuildFile; fileRef = 49B8361D2A65214A008732C1 /* LaunchScreen.storyboard */; };
		49B8362A2A65214A008732C1 /* HomeworkApp6Tests.swift in Sources */ = {isa = PBXBuildFile; fileRef = 49B836292A65214A008732C1 /* HomeworkApp6Tests.swift */; };
		49B836342A65214A008732C1 /* HomeworkApp6UITests.swift in Sources */ = {isa = PBXBuildFile; fileRef = 49B836332A65214A008732C1 /* HomeworkApp6UITests.swift */; };
		49B836362A65214A008732C1 /* HomeworkApp6UITestsLaunchTests.swift in Sources */ = {isa = PBXBuildFile; fileRef = 49B836352A65214A008732C1 /* HomeworkApp6UITestsLaunchTests.swift */; };
/* End PBXBuildFile section */

/* Begin PBXContainerItemProxy section */
		49B836262A65214A008732C1 /* PBXContainerItemProxy */ = {
			isa = PBXContainerItemProxy;
			containerPortal = 49B836072A652147008732C1 /* Project object */;
			proxyType = 1;
			remoteGlobalIDString = 49B8360E2A652147008732C1;
			remoteInfo = HomeworkApp6;
		};
		49B836302A65214A008732C1 /* PBXContainerItemProxy */ = {
			isa = PBXContainerItemProxy;
			containerPortal = 49B836072A652147008732C1 /* Project object */;
			proxyType = 1;
			remoteGlobalIDString = 49B8360E2A652147008732C1;
			remoteInfo = HomeworkApp6;
		};
/* End PBXContainerItemProxy section */

/* Begin PBXFileReference section */
		49B8360F2A652147008732C1 /* HomeworkApp6.app */ = {isa = PBXFileReference; explicitFileType = wrapper.application; includeInIndex = 0; path = HomeworkApp6.app; sourceTree = BUILT_PRODUCTS_DIR; };
		49B836122A652147008732C1 /* AppDelegate.swift */ = {isa = PBXFileReference; lastKnownFileType = sourcecode.swift; path = AppDelegate.swift; sourceTree = "<group>"; };
		49B836142A652147008732C1 /* SceneDelegate.swift */ = {isa = PBXFileReference; lastKnownFileType = sourcecode.swift; path = SceneDelegate.swift; sourceTree = "<group>"; };
		49B836162A652147008732C1 /* ViewController.swift */ = {isa = PBXFileReference; lastKnownFileType = sourcecode.swift; path = ViewController.swift; sourceTree = "<group>"; };
		49B836192A652147008732C1 /* Base */ = {isa = PBXFileReference; lastKnownFileType = file.storyboard; name = Base; path = Base.lproj/Main.storyboard; sourceTree = "<group>"; };
		49B8361B2A65214A008732C1 /* Assets.xcassets */ = {isa = PBXFileReference; lastKnownFileType = folder.assetcatalog; path = Assets.xcassets; sourceTree = "<group>"; };
		49B8361E2A65214A008732C1 /* Base */ = {isa = PBXFileReference; lastKnownFileType = file.storyboard; name = Base; path = Base.lproj/LaunchScreen.storyboard; sourceTree = "<group>"; };
		49B836202A65214A008732C1 /* Info.plist */ = {isa = PBXFileReference; lastKnownFileType = text.plist.xml; path = Info.plist; sourceTree = "<group>"; };
		49B836252A65214A008732C1 /* HomeworkApp6Tests.xctest */ = {isa = PBXFileReference; explicitFileType = wrapper.cfbundle; includeInIndex = 0; path = HomeworkApp6Tests.xctest; sourceTree = BUILT_PRODUCTS_DIR; };
		49B836292A65214A008732C1 /* HomeworkApp6Tests.swift */ = {isa = PBXFileReference; lastKnownFileType = sourcecode.swift; path = HomeworkApp6Tests.swift; sourceTree = "<group>"; };
		49B8362F2A65214A008732C1 /* HomeworkApp6UITests.xctest */ = {isa = PBXFileReference; explicitFileType = wrapper.cfbundle; includeInIndex = 0; path = HomeworkApp6UITests.xctest; sourceTree = BUILT_PRODUCTS_DIR; };
		49B836332A65214A008732C1 /* HomeworkApp6UITests.swift */ = {isa = PBXFileReference; lastKnownFileType = sourcecode.swift; path = HomeworkApp6UITests.swift; sourceTree = "<group>"; };
		49B836352A65214A008732C1 /* HomeworkApp6UITestsLaunchTests.swift */ = {isa = PBXFileReference; lastKnownFileType = sourcecode.swift; path = HomeworkApp6UITestsLaunchTests.swift; sourceTree = "<group>"; };
/* End PBXFileReference section */

/* Begin PBXFrameworksBuildPhase section */
		49B8360C2A652147008732C1 /* Frameworks */ = {
			isa = PBXFrameworksBuildPhase;
			buildActionMask = 2147483647;
			files = (
			);
			runOnlyForDeploymentPostprocessing = 0;
		};
		49B836222A65214A008732C1 /* Frameworks */ = {
			isa = PBXFrameworksBuildPhase;
			buildActionMask = 2147483647;
			files = (
			);
			runOnlyForDeploymentPostprocessing = 0;
		};
		49B8362C2A65214A008732C1 /* Frameworks */ = {
			isa = PBXFrameworksBuildPhase;
			buildActionMask = 2147483647;
			files = (
			);
			runOnlyForDeploymentPostprocessing = 0;
		};
/* End PBXFrameworksBuildPhase section */

/* Begin PBXGroup section */
		49B836062A652147008732C1 = {
			isa = PBXGroup;
			children = (
				49B836112A652147008732C1 /* HomeworkApp6 */,
				49B836282A65214A008732C1 /* HomeworkApp6Tests */,
				49B836322A65214A008732C1 /* HomeworkApp6UITests */,
				49B836102A652147008732C1 /* Products */,
			);
			sourceTree = "<group>";
		};
		49B836102A652147008732C1 /* Products */ = {
			isa = PBXGroup;
			children = (
				49B8360F2A652147008732C1 /* HomeworkApp6.app */,
				49B836252A65214A008732C1 /* HomeworkApp6Tests.xctest */,
				49B8362F2A65214A008732C1 /* HomeworkApp6UITests.xctest */,
			);
			name = Products;
			sourceTree = "<group>";
		};
		49B836112A652147008732C1 /* HomeworkApp6 */ = {
			isa = PBXGroup;
			children = (
				49B836122A652147008732C1 /* AppDelegate.swift */,
				49B836142A652147008732C1 /* SceneDelegate.swift */,
				49B836162A652147008732C1 /* ViewController.swift */,
				49B836182A652147008732C1 /* Main.storyboard */,
				49B8361B2A65214A008732C1 /* Assets.xcassets */,
				49B8361D2A65214A008732C1 /* LaunchScreen.storyboard */,
				49B836202A65214A008732C1 /* Info.plist */,
			);
			path = HomeworkApp6;
			sourceTree = "<group>";
		};
		49B836282A65214A008732C1 /* HomeworkApp6Tests */ = {
			isa = PBXGroup;
			children = (
				49B836292A65214A008732C1 /* HomeworkApp6Tests.swift */,
			);
			path = HomeworkApp6Tests;
			sourceTree = "<group>";
		};
		49B836322A65214A008732C1 /* HomeworkApp6UITests */ = {
			isa = PBXGroup;
			children = (
				49B836332A65214A008732C1 /* HomeworkApp6UITests.swift */,
				49B836352A65214A008732C1 /* HomeworkApp6UITestsLaunchTests.swift */,
			);
			path = HomeworkApp6UITests;
			sourceTree = "<group>";
		};
/* End PBXGroup section */

/* Begin PBXNativeTarget section */
		49B8360E2A652147008732C1 /* HomeworkApp6 */ = {
			isa = PBXNativeTarget;
			buildConfigurationList = 49B836392A65214A008732C1 /* Build configuration list for PBXNativeTarget "HomeworkApp6" */;
			buildPhases = (
				49B8360B2A652147008732C1 /* Sources */,
				49B8360C2A652147008732C1 /* Frameworks */,
				49B8360D2A652147008732C1 /* Resources */,
			);
			buildRules = (
			);
			dependencies = (
			);
			name = HomeworkApp6;
			productName = HomeworkApp6;
			productReference = 49B8360F2A652147008732C1 /* HomeworkApp6.app */;
			productType = "com.apple.product-type.application";
		};
		49B836242A65214A008732C1 /* HomeworkApp6Tests */ = {
			isa = PBXNativeTarget;
			buildConfigurationList = 49B8363C2A65214A008732C1 /* Build configuration list for PBXNativeTarget "HomeworkApp6Tests" */;
			buildPhases = (
				49B836212A65214A008732C1 /* Sources */,
				49B836222A65214A008732C1 /* Frameworks */,
				49B836232A65214A008732C1 /* Resources */,
			);
			buildRules = (
			);
			dependencies = (
				49B836272A65214A008732C1 /* PBXTargetDependency */,
			);
			name = HomeworkApp6Tests;
			productName = HomeworkApp6Tests;
			productReference = 49B836252A65214A008732C1 /* HomeworkApp6Tests.xctest */;
			productType = "com.apple.product-type.bundle.unit-test";
		};
		49B8362E2A65214A008732C1 /* HomeworkApp6UITests */ = {
			isa = PBXNativeTarget;
			buildConfigurationList = 49B8363F2A65214A008732C1 /* Build configuration list for PBXNativeTarget "HomeworkApp6UITests" */;
			buildPhases = (
				49B8362B2A65214A008732C1 /* Sources */,
				49B8362C2A65214A008732C1 /* Frameworks */,
				49B8362D2A65214A008732C1 /* Resources */,
			);
			buildRules = (
			);
			dependencies = (
				49B836312A65214A008732C1 /* PBXTargetDependency */,
			);
			name = HomeworkApp6UITests;
			productName = HomeworkApp6UITests;
			productReference = 49B8362F2A65214A008732C1 /* HomeworkApp6UITests.xctest */;
			productType = "com.apple.product-type.bundle.ui-testing";
		};
/* End PBXNativeTarget section */

/* Begin PBXProject section */
		49B836072A652147008732C1 /* Project object */ = {
			isa = PBXProject;
			attributes = {
				BuildIndependentTargetsInParallel = 1;
				LastSwiftUpdateCheck = 1430;
				LastUpgradeCheck = 1430;
				TargetAttributes = {
					49B8360E2A652147008732C1 = {
						CreatedOnToolsVersion = 14.3.1;
					};
					49B836242A65214A008732C1 = {
						CreatedOnToolsVersion = 14.3.1;
						TestTargetID = 49B8360E2A652147008732C1;
					};
					49B8362E2A65214A008732C1 = {
						CreatedOnToolsVersion = 14.3.1;
						TestTargetID = 49B8360E2A652147008732C1;
					};
				};
			};
			buildConfigurationList = 49B8360A2A652147008732C1 /* Build configuration list for PBXProject "HomeworkApp6" */;
			compatibilityVersion = "Xcode 14.0";
			developmentRegion = en;
			hasScannedForEncodings = 0;
			knownRegions = (
				en,
				Base,
			);
			mainGroup = 49B836062A652147008732C1;
			productRefGroup = 49B836102A652147008732C1 /* Products */;
			projectDirPath = "";
			projectRoot = "";
			targets = (
				49B8360E2A652147008732C1 /* HomeworkApp6 */,
				49B836242A65214A008732C1 /* HomeworkApp6Tests */,
				49B8362E2A65214A008732C1 /* HomeworkApp6UITests */,
			);
		};
/* End PBXProject section */

/* Begin PBXResourcesBuildPhase section */
		49B8360D2A652147008732C1 /* Resources */ = {
			isa = PBXResourcesBuildPhase;
			buildActionMask = 2147483647;
			files = (
				49B8361F2A65214A008732C1 /* LaunchScreen.storyboard in Resources */,
				49B8361C2A65214A008732C1 /* Assets.xcassets in Resources */,
				49B8361A2A652147008732C1 /* Main.storyboard in Resources */,
			);
			runOnlyForDeploymentPostprocessing = 0;
		};
		49B836232A65214A008732C1 /* Resources */ = {
			isa = PBXResourcesBuildPhase;
			buildActionMask = 2147483647;
			files = (
			);
			runOnlyForDeploymentPostprocessing = 0;
		};
		49B8362D2A65214A008732C1 /* Resources */ = {
			isa = PBXResourcesBuildPhase;
			buildActionMask = 2147483647;
			files = (
			);
			runOnlyForDeploymentPostprocessing = 0;
		};
/* End PBXResourcesBuildPhase section */

/* Begin PBXSourcesBuildPhase section */
		49B8360B2A652147008732C1 /* Sources */ = {
			isa = PBXSourcesBuildPhase;
			buildActionMask = 2147483647;
			files = (
				49B836172A652147008732C1 /* ViewController.swift in Sources */,
				49B836132A652147008732C1 /* AppDelegate.swift in Sources */,
				49B836152A652147008732C1 /* SceneDelegate.swift in Sources */,
			);
			runOnlyForDeploymentPostprocessing = 0;
		};
		49B836212A65214A008732C1 /* Sources */ = {
			isa = PBXSourcesBuildPhase;
			buildActionMask = 2147483647;
			files = (
				49B8362A2A65214A008732C1 /* HomeworkApp6Tests.swift in Sources */,
			);
			runOnlyForDeploymentPostprocessing = 0;
		};
		49B8362B2A65214A008732C1 /* Sources */ = {
			isa = PBXSourcesBuildPhase;
			buildActionMask = 2147483647;
			files = (
				49B836342A65214A008732C1 /* HomeworkApp6UITests.swift in Sources */,
				49B836362A65214A008732C1 /* HomeworkApp6UITestsLaunchTests.swift in Sources */,
			);
			runOnlyForDeploymentPostprocessing = 0;
		};
/* End PBXSourcesBuildPhase section */

/* Begin PBXTargetDependency section */
		49B836272A65214A008732C1 /* PBXTargetDependency */ = {
			isa = PBXTargetDependency;
			target = 49B8360E2A652147008732C1 /* HomeworkApp6 */;
			targetProxy = 49B836262A65214A008732C1 /* PBXContainerItemProxy */;
		};
		49B836312A65214A008732C1 /* PBXTargetDependency */ = {
			isa = PBXTargetDependency;
			target = 49B8360E2A652147008732C1 /* HomeworkApp6 */;
			targetProxy = 49B836302A65214A008732C1 /* PBXContainerItemProxy */;
		};
/* End PBXTargetDependency section */

/* Begin PBXVariantGroup section */
		49B836182A652147008732C1 /* Main.storyboard */ = {
			isa = PBXVariantGroup;
			children = (
				49B836192A652147008732C1 /* Base */,
			);
			name = Main.storyboard;
			sourceTree = "<group>";
		};
		49B8361D2A65214A008732C1 /* LaunchScreen.storyboard */ = {
			isa = PBXVariantGroup;
			children = (
				49B8361E2A65214A008732C1 /* Base */,
			);
			name = LaunchScreen.storyboard;
			sourceTree = "<group>";
		};
/* End PBXVariantGroup section */

/* Begin XCBuildConfiguration section */
		49B836372A65214A008732C1 /* Debug */ = {
			isa = XCBuildConfiguration;
			buildSettings = {
				ALWAYS_SEARCH_USER_PATHS = NO;
				CLANG_ANALYZER_NONNULL = YES;
				CLANG_ANALYZER_NUMBER_OBJECT_CONVERSION = YES_AGGRESSIVE;
				CLANG_CXX_LANGUAGE_STANDARD = "gnu++20";
				CLANG_ENABLE_MODULES = YES;
				CLANG_ENABLE_OBJC_ARC = YES;
				CLANG_ENABLE_OBJC_WEAK = YES;
				CLANG_WARN_BLOCK_CAPTURE_AUTORELEASING = YES;
				CLANG_WARN_BOOL_CONVERSION = YES;
				CLANG_WARN_COMMA = YES;
				CLANG_WARN_CONSTANT_CONVERSION = YES;
				CLANG_WARN_DEPRECATED_OBJC_IMPLEMENTATIONS = YES;
				CLANG_WARN_DIRECT_OBJC_ISA_USAGE = YES_ERROR;
				CLANG_WARN_DOCUMENTATION_COMMENTS = YES;
				CLANG_WARN_EMPTY_BODY = YES;
				CLANG_WARN_ENUM_CONVERSION = YES;
				CLANG_WARN_INFINITE_RECURSION = YES;
				CLANG_WARN_INT_CONVERSION = YES;
				CLANG_WARN_NON_LITERAL_NULL_CONVERSION = YES;
				CLANG_WARN_OBJC_IMPLICIT_RETAIN_SELF = YES;
				CLANG_WARN_OBJC_LITERAL_CONVERSION = YES;
				CLANG_WARN_OBJC_ROOT_CLASS = YES_ERROR;
				CLANG_WARN_QUOTED_INCLUDE_IN_FRAMEWORK_HEADER = YES;
				CLANG_WARN_RANGE_LOOP_ANALYSIS = YES;
				CLANG_WARN_STRICT_PROTOTYPES = YES;
				CLANG_WARN_SUSPICIOUS_MOVE = YES;
				CLANG_WARN_UNGUARDED_AVAILABILITY = YES_AGGRESSIVE;
				CLANG_WARN_UNREACHABLE_CODE = YES;
				CLANG_WARN__DUPLICATE_METHOD_MATCH = YES;
				COPY_PHASE_STRIP = NO;
				DEBUG_INFORMATION_FORMAT = dwarf;
				ENABLE_STRICT_OBJC_MSGSEND = YES;
				ENABLE_TESTABILITY = YES;
				GCC_C_LANGUAGE_STANDARD = gnu11;
				GCC_DYNAMIC_NO_PIC = NO;
				GCC_NO_COMMON_BLOCKS = YES;
				GCC_OPTIMIZATION_LEVEL = 0;
				GCC_PREPROCESSOR_DEFINITIONS = (
					"DEBUG=1",
					"$(inherited)",
				);
				GCC_WARN_64_TO_32_BIT_CONVERSION = YES;
				GCC_WARN_ABOUT_RETURN_TYPE = YES_ERROR;
				GCC_WARN_UNDECLARED_SELECTOR = YES;
				GCC_WARN_UNINITIALIZED_AUTOS = YES_AGGRESSIVE;
				GCC_WARN_UNUSED_FUNCTION = YES;
				GCC_WARN_UNUSED_VARIABLE = YES;
				IPHONEOS_DEPLOYMENT_TARGET = 16.4;
				MTL_ENABLE_DEBUG_INFO = INCLUDE_SOURCE;
				MTL_FAST_MATH = YES;
				ONLY_ACTIVE_ARCH = YES;
				SDKROOT = iphoneos;
				SWIFT_ACTIVE_COMPILATION_CONDITIONS = DEBUG;
				SWIFT_OPTIMIZATION_LEVEL = "-Onone";
			};
			name = Debug;
		};
		49B836382A65214A008732C1 /* Release */ = {
			isa = XCBuildConfiguration;
			buildSettings = {
				ALWAYS_SEARCH_USER_PATHS = NO;
				CLANG_ANALYZER_NONNULL = YES;
				CLANG_ANALYZER_NUMBER_OBJECT_CONVERSION = YES_AGGRESSIVE;
				CLANG_CXX_LANGUAGE_STANDARD = "gnu++20";
				CLANG_ENABLE_MODULES = YES;
				CLANG_ENABLE_OBJC_ARC = YES;
				CLANG_ENABLE_OBJC_WEAK = YES;
				CLANG_WARN_BLOCK_CAPTURE_AUTORELEASING = YES;
				CLANG_WARN_BOOL_CONVERSION = YES;
				CLANG_WARN_COMMA = YES;
				CLANG_WARN_CONSTANT_CONVERSION = YES;
				CLANG_WARN_DEPRECATED_OBJC_IMPLEMENTATIONS = YES;
				CLANG_WARN_DIRECT_OBJC_ISA_USAGE = YES_ERROR;
				CLANG_WARN_DOCUMENTATION_COMMENTS = YES;
				CLANG_WARN_EMPTY_BODY = YES;
				CLANG_WARN_ENUM_CONVERSION = YES;
				CLANG_WARN_INFINITE_RECURSION = YES;
				CLANG_WARN_INT_CONVERSION = YES;
				CLANG_WARN_NON_LITERAL_NULL_CONVERSION = YES;
				CLANG_WARN_OBJC_IMPLICIT_RETAIN_SELF = YES;
				CLANG_WARN_OBJC_LITERAL_CONVERSION = YES;
				CLANG_WARN_OBJC_ROOT_CLASS = YES_ERROR;
				CLANG_WARN_QUOTED_INCLUDE_IN_FRAMEWORK_HEADER = YES;
				CLANG_WARN_RANGE_LOOP_ANALYSIS = YES;
				CLANG_WARN_STRICT_PROTOTYPES = YES;
				CLANG_WARN_SUSPICIOUS_MOVE = YES;
				CLANG_WARN_UNGUARDED_AVAILABILITY = YES_AGGRESSIVE;
				CLANG_WARN_UNREACHABLE_CODE = YES;
				CLANG_WARN__DUPLICATE_METHOD_MATCH = YES;
				COPY_PHASE_STRIP = NO;
				DEBUG_INFORMATION_FORMAT = "dwarf-with-dsym";
				ENABLE_NS_ASSERTIONS = NO;
				ENABLE_STRICT_OBJC_MSGSEND = YES;
				GCC_C_LANGUAGE_STANDARD = gnu11;
				GCC_NO_COMMON_BLOCKS = YES;
				GCC_WARN_64_TO_32_BIT_CONVERSION = YES;
				GCC_WARN_ABOUT_RETURN_TYPE = YES_ERROR;
				GCC_WARN_UNDECLARED_SELECTOR = YES;
				GCC_WARN_UNINITIALIZED_AUTOS = YES_AGGRESSIVE;
				GCC_WARN_UNUSED_FUNCTION = YES;
				GCC_WARN_UNUSED_VARIABLE = YES;
				IPHONEOS_DEPLOYMENT_TARGET = 16.4;
				MTL_ENABLE_DEBUG_INFO = NO;
				MTL_FAST_MATH = YES;
				SDKROOT = iphoneos;
				SWIFT_COMPILATION_MODE = wholemodule;
				SWIFT_OPTIMIZATION_LEVEL = "-O";
				VALIDATE_PRODUCT = YES;
			};
			name = Release;
		};
		49B8363A2A65214A008732C1 /* Debug */ = {
			isa = XCBuildConfiguration;
			buildSettings = {
				ASSETCATALOG_COMPILER_APPICON_NAME = AppIcon;
				ASSETCATALOG_COMPILER_GLOBAL_ACCENT_COLOR_NAME = AccentColor;
				CODE_SIGN_STYLE = Automatic;
				CURRENT_PROJECT_VERSION = 1;
				GENERATE_INFOPLIST_FILE = YES;
				INFOPLIST_FILE = HomeworkApp6/Info.plist;
				INFOPLIST_KEY_UIApplicationSupportsIndirectInputEvents = YES;
				INFOPLIST_KEY_UILaunchStoryboardName = LaunchScreen;
				INFOPLIST_KEY_UIMainStoryboardFile = Main;
				INFOPLIST_KEY_UISupportedInterfaceOrientations_iPad = "UIInterfaceOrientationPortrait UIInterfaceOrientationPortraitUpsideDown UIInterfaceOrientationLandscapeLeft UIInterfaceOrientationLandscapeRight";
				INFOPLIST_KEY_UISupportedInterfaceOrientations_iPhone = "UIInterfaceOrientationPortrait UIInterfaceOrientationLandscapeLeft UIInterfaceOrientationLandscapeRight";
				LD_RUNPATH_SEARCH_PATHS = (
					"$(inherited)",
					"@executable_path/Frameworks",
				);
				MARKETING_VERSION = 1.0;
				PRODUCT_BUNDLE_IDENTIFIER = "-.HomeworkApp6";
				PRODUCT_NAME = "$(TARGET_NAME)";
				SWIFT_EMIT_LOC_STRINGS = YES;
				SWIFT_VERSION = 5.0;
				TARGETED_DEVICE_FAMILY = "1,2";
			};
			name = Debug;
		};
		49B8363B2A65214A008732C1 /* Release */ = {
			isa = XCBuildConfiguration;
			buildSettings = {
				ASSETCATALOG_COMPILER_APPICON_NAME = AppIcon;
				ASSETCATALOG_COMPILER_GLOBAL_ACCENT_COLOR_NAME = AccentColor;
				CODE_SIGN_STYLE = Automatic;
				CURRENT_PROJECT_VERSION = 1;
				GENERATE_INFOPLIST_FILE = YES;
				INFOPLIST_FILE = HomeworkApp6/Info.plist;
				INFOPLIST_KEY_UIApplicationSupportsIndirectInputEvents = YES;
				INFOPLIST_KEY_UILaunchStoryboardName = LaunchScreen;
				INFOPLIST_KEY_UIMainStoryboardFile = Main;
				INFOPLIST_KEY_UISupportedInterfaceOrientations_iPad = "UIInterfaceOrientationPortrait UIInterfaceOrientationPortraitUpsideDown UIInterfaceOrientationLandscapeLeft UIInterfaceOrientationLandscapeRight";
				INFOPLIST_KEY_UISupportedInterfaceOrientations_iPhone = "UIInterfaceOrientationPortrait UIInterfaceOrientationLandscapeLeft UIInterfaceOrientationLandscapeRight";
				LD_RUNPATH_SEARCH_PATHS = (
					"$(inherited)",
					"@executable_path/Frameworks",
				);
				MARKETING_VERSION = 1.0;
				PRODUCT_BUNDLE_IDENTIFIER = "-.HomeworkApp6";
				PRODUCT_NAME = "$(TARGET_NAME)";
				SWIFT_EMIT_LOC_STRINGS = YES;
				SWIFT_VERSION = 5.0;
				TARGETED_DEVICE_FAMILY = "1,2";
			};
			name = Release;
		};
		49B8363D2A65214A008732C1 /* Debug */ = {
			isa = XCBuildConfiguration;
			buildSettings = {
				ALWAYS_EMBED_SWIFT_STANDARD_LIBRARIES = YES;
				BUNDLE_LOADER = "$(TEST_HOST)";
				CODE_SIGN_STYLE = Automatic;
				CURRENT_PROJECT_VERSION = 1;
				GENERATE_INFOPLIST_FILE = YES;
				IPHONEOS_DEPLOYMENT_TARGET = 16.4;
				MARKETING_VERSION = 1.0;
				PRODUCT_BUNDLE_IDENTIFIER = "-.HomeworkApp6Tests";
				PRODUCT_NAME = "$(TARGET_NAME)";
				SWIFT_EMIT_LOC_STRINGS = NO;
				SWIFT_VERSION = 5.0;
				TARGETED_DEVICE_FAMILY = "1,2";
				TEST_HOST = "$(BUILT_PRODUCTS_DIR)/HomeworkApp6.app/$(BUNDLE_EXECUTABLE_FOLDER_PATH)/HomeworkApp6";
			};
			name = Debug;
		};
		49B8363E2A65214A008732C1 /* Release */ = {
			isa = XCBuildConfiguration;
			buildSettings = {
				ALWAYS_EMBED_SWIFT_STANDARD_LIBRARIES = YES;
				BUNDLE_LOADER = "$(TEST_HOST)";
				CODE_SIGN_STYLE = Automatic;
				CURRENT_PROJECT_VERSION = 1;
				GENERATE_INFOPLIST_FILE = YES;
				IPHONEOS_DEPLOYMENT_TARGET = 16.4;
				MARKETING_VERSION = 1.0;
				PRODUCT_BUNDLE_IDENTIFIER = "-.HomeworkApp6Tests";
				PRODUCT_NAME = "$(TARGET_NAME)";
				SWIFT_EMIT_LOC_STRINGS = NO;
				SWIFT_VERSION = 5.0;
				TARGETED_DEVICE_FAMILY = "1,2";
				TEST_HOST = "$(BUILT_PRODUCTS_DIR)/HomeworkApp6.app/$(BUNDLE_EXECUTABLE_FOLDER_PATH)/HomeworkApp6";
			};
			name = Release;
		};
		49B836402A65214A008732C1 /* Debug */ = {
			isa = XCBuildConfiguration;
			buildSettings = {
				ALWAYS_EMBED_SWIFT_STANDARD_LIBRARIES = YES;
				CODE_SIGN_STYLE = Automatic;
				CURRENT_PROJECT_VERSION = 1;
				GENERATE_INFOPLIST_FILE = YES;
				MARKETING_VERSION = 1.0;
				PRODUCT_BUNDLE_IDENTIFIER = "-.HomeworkApp6UITests";
				PRODUCT_NAME = "$(TARGET_NAME)";
				SWIFT_EMIT_LOC_STRINGS = NO;
				SWIFT_VERSION = 5.0;
				TARGETED_DEVICE_FAMILY = "1,2";
				TEST_TARGET_NAME = HomeworkApp6;
			};
			name = Debug;
		};
		49B836412A65214A008732C1 /* Release */ = {
			isa = XCBuildConfiguration;
			buildSettings = {
				ALWAYS_EMBED_SWIFT_STANDARD_LIBRARIES = YES;
				CODE_SIGN_STYLE = Automatic;
				CURRENT_PROJECT_VERSION = 1;
				GENERATE_INFOPLIST_FILE = YES;
				MARKETING_VERSION = 1.0;
				PRODUCT_BUNDLE_IDENTIFIER = "-.HomeworkApp6UITests";
				PRODUCT_NAME = "$(TARGET_NAME)";
				SWIFT_EMIT_LOC_STRINGS = NO;
				SWIFT_VERSION = 5.0;
				TARGETED_DEVICE_FAMILY = "1,2";
				TEST_TARGET_NAME = HomeworkApp6;
			};
			name = Release;
		};
/* End XCBuildConfiguration section */

/* Begin XCConfigurationList section */
		49B8360A2A652147008732C1 /* Build configuration list for PBXProject "HomeworkApp6" */ = {
			isa = XCConfigurationList;
			buildConfigurations = (
				49B836372A65214A008732C1 /* Debug */,
				49B836382A65214A008732C1 /* Release */,
			);
			defaultConfigurationIsVisible = 0;
			defaultConfigurationName = Release;
		};
		49B836392A65214A008732C1 /* Build configuration list for PBXNativeTarget "HomeworkApp6" */ = {
			isa = XCConfigurationList;
			buildConfigurations = (
				49B8363A2A65214A008732C1 /* Debug */,
				49B8363B2A65214A008732C1 /* Release */,
			);
			defaultConfigurationIsVisible = 0;
			defaultConfigurationName = Release;
		};
		49B8363C2A65214A008732C1 /* Build configuration list for PBXNativeTarget "HomeworkApp6Tests" */ = {
			isa = XCConfigurationList;
			buildConfigurations = (
				49B8363D2A65214A008732C1 /* Debug */,
				49B8363E2A65214A008732C1 /* Release */,
			);
			defaultConfigurationIsVisible = 0;
			defaultConfigurationName = Release;
		};
		49B8363F2A65214A008732C1 /* Build configuration list for PBXNativeTarget "HomeworkApp6UITests" */ = {
			isa = XCConfigurationList;
			buildConfigurations = (
				49B836402A65214A008732C1 /* Debug */,
				49B836412A65214A008732C1 /* Release */,
			);
			defaultConfigurationIsVisible = 0;
			defaultConfigurationName = Release;
		};
/* End XCConfigurationList section */
	};
	rootObject = 49B836072A652147008732C1 /* Project object */;
}
